// !$*UTF8*$!
{
	archiveVersion = 1;
	classes = {
	};
	objectVersion = 56;
	objects = {

/* Begin PBXBuildFile section */
		CE42EC452BDB56FE0025779D /* dont_cutlossApp.swift in Sources */ = {isa = PBXBuildFile; fileRef = CE42EC442BDB56FE0025779D /* dont_cutlossApp.swift */; };
		CE42EC472BDB56FE0025779D /* ContentView.swift in Sources */ = {isa = PBXBuildFile; fileRef = CE42EC462BDB56FE0025779D /* ContentView.swift */; };
		CE42EC492BDB56FF0025779D /* Assets.xcassets in Resources */ = {isa = PBXBuildFile; fileRef = CE42EC482BDB56FF0025779D /* Assets.xcassets */; };
		CE42EC4C2BDB56FF0025779D /* Preview Assets.xcassets in Resources */ = {isa = PBXBuildFile; fileRef = CE42EC4B2BDB56FF0025779D /* Preview Assets.xcassets */; };
		CE42EC4E2BDB56FF0025779D /* Persistence.swift in Sources */ = {isa = PBXBuildFile; fileRef = CE42EC4D2BDB56FF0025779D /* Persistence.swift */; };
		CE42EC512BDB56FF0025779D /* dont_cutloss.xcdatamodeld in Sources */ = {isa = PBXBuildFile; fileRef = CE42EC4F2BDB56FF0025779D /* dont_cutloss.xcdatamodeld */; };
		CE42EC5B2BDB56FF0025779D /* dont_cutlossTests.swift in Sources */ = {isa = PBXBuildFile; fileRef = CE42EC5A2BDB56FF0025779D /* dont_cutlossTests.swift */; };
		CE42EC652BDB56FF0025779D /* dont_cutlossUITests.swift in Sources */ = {isa = PBXBuildFile; fileRef = CE42EC642BDB56FF0025779D /* dont_cutlossUITests.swift */; };
		CE42EC672BDB56FF0025779D /* dont_cutlossUITestsLaunchTests.swift in Sources */ = {isa = PBXBuildFile; fileRef = CE42EC662BDB56FF0025779D /* dont_cutlossUITestsLaunchTests.swift */; };
		CE42EC742BDB5D940025779D /* AddNewItem.swift in Sources */ = {isa = PBXBuildFile; fileRef = CE42EC732BDB5D940025779D /* AddNewItem.swift */; };
		CE42EC772BDB5E5D0025779D /* yfinance.swift in Sources */ = {isa = PBXBuildFile; fileRef = CE42EC762BDB5E5D0025779D /* yfinance.swift */; };
		CE42EC7E2BDF2D240025779D /* Datatype.swift in Sources */ = {isa = PBXBuildFile; fileRef = CE42EC7D2BDF2D240025779D /* Datatype.swift */; };
		CE42EC832BDF52390025779D /* StockCard.swift in Sources */ = {isa = PBXBuildFile; fileRef = CE42EC822BDF52390025779D /* StockCard.swift */; };
		CE42EC852BDF9DC70025779D /* FillInfo.swift in Sources */ = {isa = PBXBuildFile; fileRef = CE42EC842BDF9DC60025779D /* FillInfo.swift */; };
		CE42EC872BE09C2C0025779D /* config.swift in Sources */ = {isa = PBXBuildFile; fileRef = CE42EC862BE09C2C0025779D /* config.swift */; };
		CE42EC8A2BE320ED0025779D /* DetailView.swift in Sources */ = {isa = PBXBuildFile; fileRef = CE42EC892BE320ED0025779D /* DetailView.swift */; };
		CE42EC8C2BE483DB0025779D /* AnalystRecommendationView.swift in Sources */ = {isa = PBXBuildFile; fileRef = CE42EC8B2BE483DB0025779D /* AnalystRecommendationView.swift */; };
		CE42EC8E2BE602600025779D /* SummaryDetailView.swift in Sources */ = {isa = PBXBuildFile; fileRef = CE42EC8D2BE602600025779D /* SummaryDetailView.swift */; };
		CE42EC902BE68DBF0025779D /* ChartDataView.swift in Sources */ = {isa = PBXBuildFile; fileRef = CE42EC8F2BE68DBF0025779D /* ChartDataView.swift */; };
		CE42EC922BE7433E0025779D /* ChartRangeSwitchView.swift in Sources */ = {isa = PBXBuildFile; fileRef = CE42EC912BE7433E0025779D /* ChartRangeSwitchView.swift */; };
/* End PBXBuildFile section */

/* Begin PBXContainerItemProxy section */
		CE42EC572BDB56FF0025779D /* PBXContainerItemProxy */ = {
			isa = PBXContainerItemProxy;
			containerPortal = CE42EC392BDB56FE0025779D /* Project object */;
			proxyType = 1;
			remoteGlobalIDString = CE42EC402BDB56FE0025779D;
			remoteInfo = "dont-cutloss";
		};
		CE42EC612BDB56FF0025779D /* PBXContainerItemProxy */ = {
			isa = PBXContainerItemProxy;
			containerPortal = CE42EC392BDB56FE0025779D /* Project object */;
			proxyType = 1;
			remoteGlobalIDString = CE42EC402BDB56FE0025779D;
			remoteInfo = "dont-cutloss";
		};
/* End PBXContainerItemProxy section */

/* Begin PBXFileReference section */
		CE42EC412BDB56FE0025779D /* dont-cutloss.app */ = {isa = PBXFileReference; explicitFileType = wrapper.application; includeInIndex = 0; path = "dont-cutloss.app"; sourceTree = BUILT_PRODUCTS_DIR; };
		CE42EC442BDB56FE0025779D /* dont_cutlossApp.swift */ = {isa = PBXFileReference; lastKnownFileType = sourcecode.swift; path = dont_cutlossApp.swift; sourceTree = "<group>"; };
		CE42EC462BDB56FE0025779D /* ContentView.swift */ = {isa = PBXFileReference; lastKnownFileType = sourcecode.swift; path = ContentView.swift; sourceTree = "<group>"; };
		CE42EC482BDB56FF0025779D /* Assets.xcassets */ = {isa = PBXFileReference; lastKnownFileType = folder.assetcatalog; path = Assets.xcassets; sourceTree = "<group>"; };
		CE42EC4B2BDB56FF0025779D /* Preview Assets.xcassets */ = {isa = PBXFileReference; lastKnownFileType = folder.assetcatalog; path = "Preview Assets.xcassets"; sourceTree = "<group>"; };
		CE42EC4D2BDB56FF0025779D /* Persistence.swift */ = {isa = PBXFileReference; lastKnownFileType = sourcecode.swift; path = Persistence.swift; sourceTree = "<group>"; };
		CE42EC502BDB56FF0025779D /* dont_cutloss.xcdatamodel */ = {isa = PBXFileReference; lastKnownFileType = wrapper.xcdatamodel; path = dont_cutloss.xcdatamodel; sourceTree = "<group>"; };
		CE42EC562BDB56FF0025779D /* dont-cutlossTests.xctest */ = {isa = PBXFileReference; explicitFileType = wrapper.cfbundle; includeInIndex = 0; path = "dont-cutlossTests.xctest"; sourceTree = BUILT_PRODUCTS_DIR; };
		CE42EC5A2BDB56FF0025779D /* dont_cutlossTests.swift */ = {isa = PBXFileReference; lastKnownFileType = sourcecode.swift; path = dont_cutlossTests.swift; sourceTree = "<group>"; };
		CE42EC602BDB56FF0025779D /* dont-cutlossUITests.xctest */ = {isa = PBXFileReference; explicitFileType = wrapper.cfbundle; includeInIndex = 0; path = "dont-cutlossUITests.xctest"; sourceTree = BUILT_PRODUCTS_DIR; };
		CE42EC642BDB56FF0025779D /* dont_cutlossUITests.swift */ = {isa = PBXFileReference; lastKnownFileType = sourcecode.swift; path = dont_cutlossUITests.swift; sourceTree = "<group>"; };
		CE42EC662BDB56FF0025779D /* dont_cutlossUITestsLaunchTests.swift */ = {isa = PBXFileReference; lastKnownFileType = sourcecode.swift; path = dont_cutlossUITestsLaunchTests.swift; sourceTree = "<group>"; };
		CE42EC732BDB5D940025779D /* AddNewItem.swift */ = {isa = PBXFileReference; lastKnownFileType = sourcecode.swift; path = AddNewItem.swift; sourceTree = "<group>"; };
		CE42EC762BDB5E5D0025779D /* yfinance.swift */ = {isa = PBXFileReference; lastKnownFileType = sourcecode.swift; path = yfinance.swift; sourceTree = "<group>"; };
		CE42EC7D2BDF2D240025779D /* Datatype.swift */ = {isa = PBXFileReference; lastKnownFileType = sourcecode.swift; path = Datatype.swift; sourceTree = "<group>"; };
		CE42EC822BDF52390025779D /* StockCard.swift */ = {isa = PBXFileReference; lastKnownFileType = sourcecode.swift; path = StockCard.swift; sourceTree = "<group>"; };
		CE42EC842BDF9DC60025779D /* FillInfo.swift */ = {isa = PBXFileReference; lastKnownFileType = sourcecode.swift; path = FillInfo.swift; sourceTree = "<group>"; };
		CE42EC862BE09C2C0025779D /* config.swift */ = {isa = PBXFileReference; lastKnownFileType = sourcecode.swift; path = config.swift; sourceTree = "<group>"; };
		CE42EC892BE320ED0025779D /* DetailView.swift */ = {isa = PBXFileReference; lastKnownFileType = sourcecode.swift; path = DetailView.swift; sourceTree = "<group>"; };
		CE42EC8B2BE483DB0025779D /* AnalystRecommendationView.swift */ = {isa = PBXFileReference; lastKnownFileType = sourcecode.swift; path = AnalystRecommendationView.swift; sourceTree = "<group>"; };
		CE42EC8D2BE602600025779D /* SummaryDetailView.swift */ = {isa = PBXFileReference; lastKnownFileType = sourcecode.swift; path = SummaryDetailView.swift; sourceTree = "<group>"; };
		CE42EC8F2BE68DBF0025779D /* ChartDataView.swift */ = {isa = PBXFileReference; lastKnownFileType = sourcecode.swift; path = ChartDataView.swift; sourceTree = "<group>"; };
		CE42EC912BE7433E0025779D /* ChartRangeSwitchView.swift */ = {isa = PBXFileReference; lastKnownFileType = sourcecode.swift; path = ChartRangeSwitchView.swift; sourceTree = "<group>"; };
/* End PBXFileReference section */

/* Begin PBXFrameworksBuildPhase section */
		CE42EC3E2BDB56FE0025779D /* Frameworks */ = {
			isa = PBXFrameworksBuildPhase;
			buildActionMask = 2147483647;
			files = (
			);
			runOnlyForDeploymentPostprocessing = 0;
		};
		CE42EC532BDB56FF0025779D /* Frameworks */ = {
			isa = PBXFrameworksBuildPhase;
			buildActionMask = 2147483647;
			files = (
			);
			runOnlyForDeploymentPostprocessing = 0;
		};
		CE42EC5D2BDB56FF0025779D /* Frameworks */ = {
			isa = PBXFrameworksBuildPhase;
			buildActionMask = 2147483647;
			files = (
			);
			runOnlyForDeploymentPostprocessing = 0;
		};
/* End PBXFrameworksBuildPhase section */

/* Begin PBXGroup section */
		CE42EC382BDB56FE0025779D = {
			isa = PBXGroup;
			children = (
				CE42EC432BDB56FE0025779D /* dont-cutloss */,
				CE42EC592BDB56FF0025779D /* dont-cutlossTests */,
				CE42EC632BDB56FF0025779D /* dont-cutlossUITests */,
				CE42EC422BDB56FE0025779D /* Products */,
			);
			sourceTree = "<group>";
		};
		CE42EC422BDB56FE0025779D /* Products */ = {
			isa = PBXGroup;
			children = (
				CE42EC412BDB56FE0025779D /* dont-cutloss.app */,
				CE42EC562BDB56FF0025779D /* dont-cutlossTests.xctest */,
				CE42EC602BDB56FF0025779D /* dont-cutlossUITests.xctest */,
			);
			name = Products;
			sourceTree = "<group>";
		};
		CE42EC432BDB56FE0025779D /* dont-cutloss */ = {
			isa = PBXGroup;
			children = (
				CE42EC882BE320DB0025779D /* detail */,
				CE42EC7F2BDF42110025779D /* createNew */,
				CE42EC752BDB5E460025779D /* financialData */,
				CE42EC442BDB56FE0025779D /* dont_cutlossApp.swift */,
				CE42EC462BDB56FE0025779D /* ContentView.swift */,
				CE42EC482BDB56FF0025779D /* Assets.xcassets */,
				CE42EC4D2BDB56FF0025779D /* Persistence.swift */,
				CE42EC4F2BDB56FF0025779D /* dont_cutloss.xcdatamodeld */,
				CE42EC4A2BDB56FF0025779D /* Preview Content */,
			);
			path = "dont-cutloss";
			sourceTree = "<group>";
		};
		CE42EC4A2BDB56FF0025779D /* Preview Content */ = {
			isa = PBXGroup;
			children = (
				CE42EC4B2BDB56FF0025779D /* Preview Assets.xcassets */,
			);
			path = "Preview Content";
			sourceTree = "<group>";
		};
		CE42EC592BDB56FF0025779D /* dont-cutlossTests */ = {
			isa = PBXGroup;
			children = (
				CE42EC5A2BDB56FF0025779D /* dont_cutlossTests.swift */,
			);
			path = "dont-cutlossTests";
			sourceTree = "<group>";
		};
		CE42EC632BDB56FF0025779D /* dont-cutlossUITests */ = {
			isa = PBXGroup;
			children = (
				CE42EC642BDB56FF0025779D /* dont_cutlossUITests.swift */,
				CE42EC662BDB56FF0025779D /* dont_cutlossUITestsLaunchTests.swift */,
			);
			path = "dont-cutlossUITests";
			sourceTree = "<group>";
		};
		CE42EC752BDB5E460025779D /* financialData */ = {
			isa = PBXGroup;
			children = (
				CE42EC762BDB5E5D0025779D /* yfinance.swift */,
				CE42EC7D2BDF2D240025779D /* Datatype.swift */,
				CE42EC862BE09C2C0025779D /* config.swift */,
			);
			path = financialData;
			sourceTree = "<group>";
		};
		CE42EC7F2BDF42110025779D /* createNew */ = {
			isa = PBXGroup;
			children = (
				CE42EC732BDB5D940025779D /* AddNewItem.swift */,
				CE42EC822BDF52390025779D /* StockCard.swift */,
				CE42EC842BDF9DC60025779D /* FillInfo.swift */,
			);
			path = createNew;
			sourceTree = "<group>";
		};
		CE42EC882BE320DB0025779D /* detail */ = {
			isa = PBXGroup;
			children = (
				CE42EC892BE320ED0025779D /* DetailView.swift */,
				CE42EC8B2BE483DB0025779D /* AnalystRecommendationView.swift */,
				CE42EC8D2BE602600025779D /* SummaryDetailView.swift */,
				CE42EC8F2BE68DBF0025779D /* ChartDataView.swift */,
				CE42EC912BE7433E0025779D /* ChartRangeSwitchView.swift */,
			);
			path = detail;
			sourceTree = "<group>";
		};
/* End PBXGroup section */

/* Begin PBXNativeTarget section */
		CE42EC402BDB56FE0025779D /* dont-cutloss */ = {
			isa = PBXNativeTarget;
			buildConfigurationList = CE42EC6A2BDB56FF0025779D /* Build configuration list for PBXNativeTarget "dont-cutloss" */;
			buildPhases = (
				CE42EC3D2BDB56FE0025779D /* Sources */,
				CE42EC3E2BDB56FE0025779D /* Frameworks */,
				CE42EC3F2BDB56FE0025779D /* Resources */,
			);
			buildRules = (
			);
			dependencies = (
			);
			name = "dont-cutloss";
			packageProductDependencies = (
			);
			productName = "dont-cutloss";
			productReference = CE42EC412BDB56FE0025779D /* dont-cutloss.app */;
			productType = "com.apple.product-type.application";
		};
		CE42EC552BDB56FF0025779D /* dont-cutlossTests */ = {
			isa = PBXNativeTarget;
			buildConfigurationList = CE42EC6D2BDB56FF0025779D /* Build configuration list for PBXNativeTarget "dont-cutlossTests" */;
			buildPhases = (
				CE42EC522BDB56FF0025779D /* Sources */,
				CE42EC532BDB56FF0025779D /* Frameworks */,
				CE42EC542BDB56FF0025779D /* Resources */,
			);
			buildRules = (
			);
			dependencies = (
				CE42EC582BDB56FF0025779D /* PBXTargetDependency */,
			);
			name = "dont-cutlossTests";
			productName = "dont-cutlossTests";
			productReference = CE42EC562BDB56FF0025779D /* dont-cutlossTests.xctest */;
			productType = "com.apple.product-type.bundle.unit-test";
		};
		CE42EC5F2BDB56FF0025779D /* dont-cutlossUITests */ = {
			isa = PBXNativeTarget;
			buildConfigurationList = CE42EC702BDB56FF0025779D /* Build configuration list for PBXNativeTarget "dont-cutlossUITests" */;
			buildPhases = (
				CE42EC5C2BDB56FF0025779D /* Sources */,
				CE42EC5D2BDB56FF0025779D /* Frameworks */,
				CE42EC5E2BDB56FF0025779D /* Resources */,
			);
			buildRules = (
			);
			dependencies = (
				CE42EC622BDB56FF0025779D /* PBXTargetDependency */,
			);
			name = "dont-cutlossUITests";
			productName = "dont-cutlossUITests";
			productReference = CE42EC602BDB56FF0025779D /* dont-cutlossUITests.xctest */;
			productType = "com.apple.product-type.bundle.ui-testing";
		};
/* End PBXNativeTarget section */

/* Begin PBXProject section */
		CE42EC392BDB56FE0025779D /* Project object */ = {
			isa = PBXProject;
			attributes = {
				BuildIndependentTargetsInParallel = 1;
				KnownAssetTags = (
					New,
				);
				LastSwiftUpdateCheck = 1530;
				LastUpgradeCheck = 1530;
				TargetAttributes = {
					CE42EC402BDB56FE0025779D = {
						CreatedOnToolsVersion = 15.3;
					};
					CE42EC552BDB56FF0025779D = {
						CreatedOnToolsVersion = 15.3;
						TestTargetID = CE42EC402BDB56FE0025779D;
					};
					CE42EC5F2BDB56FF0025779D = {
						CreatedOnToolsVersion = 15.3;
						TestTargetID = CE42EC402BDB56FE0025779D;
					};
				};
			};
			buildConfigurationList = CE42EC3C2BDB56FE0025779D /* Build configuration list for PBXProject "dont-cutloss" */;
			compatibilityVersion = "Xcode 14.0";
			developmentRegion = en;
			hasScannedForEncodings = 0;
			knownRegions = (
				en,
				Base,
			);
			mainGroup = CE42EC382BDB56FE0025779D;
			packageReferences = (
			);
			productRefGroup = CE42EC422BDB56FE0025779D /* Products */;
			projectDirPath = "";
			projectRoot = "";
			targets = (
				CE42EC402BDB56FE0025779D /* dont-cutloss */,
				CE42EC552BDB56FF0025779D /* dont-cutlossTests */,
				CE42EC5F2BDB56FF0025779D /* dont-cutlossUITests */,
			);
		};
/* End PBXProject section */

/* Begin PBXResourcesBuildPhase section */
		CE42EC3F2BDB56FE0025779D /* Resources */ = {
			isa = PBXResourcesBuildPhase;
			buildActionMask = 2147483647;
			files = (
				CE42EC4C2BDB56FF0025779D /* Preview Assets.xcassets in Resources */,
				CE42EC492BDB56FF0025779D /* Assets.xcassets in Resources */,
			);
			runOnlyForDeploymentPostprocessing = 0;
		};
		CE42EC542BDB56FF0025779D /* Resources */ = {
			isa = PBXResourcesBuildPhase;
			buildActionMask = 2147483647;
			files = (
			);
			runOnlyForDeploymentPostprocessing = 0;
		};
		CE42EC5E2BDB56FF0025779D /* Resources */ = {
			isa = PBXResourcesBuildPhase;
			buildActionMask = 2147483647;
			files = (
			);
			runOnlyForDeploymentPostprocessing = 0;
		};
/* End PBXResourcesBuildPhase section */

/* Begin PBXSourcesBuildPhase section */
		CE42EC3D2BDB56FE0025779D /* Sources */ = {
			isa = PBXSourcesBuildPhase;
			buildActionMask = 2147483647;
			files = (
				CE42EC832BDF52390025779D /* StockCard.swift in Sources */,
				CE42EC8E2BE602600025779D /* SummaryDetailView.swift in Sources */,
				CE42EC7E2BDF2D240025779D /* Datatype.swift in Sources */,
				CE42EC742BDB5D940025779D /* AddNewItem.swift in Sources */,
				CE42EC922BE7433E0025779D /* ChartRangeSwitchView.swift in Sources */,
				CE42EC872BE09C2C0025779D /* config.swift in Sources */,
				CE42EC902BE68DBF0025779D /* ChartDataView.swift in Sources */,
				CE42EC4E2BDB56FF0025779D /* Persistence.swift in Sources */,
				CE42EC8A2BE320ED0025779D /* DetailView.swift in Sources */,
				CE42EC852BDF9DC70025779D /* FillInfo.swift in Sources */,
				CE42EC472BDB56FE0025779D /* ContentView.swift in Sources */,
				CE42EC512BDB56FF0025779D /* dont_cutloss.xcdatamodeld in Sources */,
				CE42EC772BDB5E5D0025779D /* yfinance.swift in Sources */,
				CE42EC8C2BE483DB0025779D /* AnalystRecommendationView.swift in Sources */,
				CE42EC452BDB56FE0025779D /* dont_cutlossApp.swift in Sources */,
			);
			runOnlyForDeploymentPostprocessing = 0;
		};
		CE42EC522BDB56FF0025779D /* Sources */ = {
			isa = PBXSourcesBuildPhase;
			buildActionMask = 2147483647;
			files = (
				CE42EC5B2BDB56FF0025779D /* dont_cutlossTests.swift in Sources */,
			);
			runOnlyForDeploymentPostprocessing = 0;
		};
		CE42EC5C2BDB56FF0025779D /* Sources */ = {
			isa = PBXSourcesBuildPhase;
			buildActionMask = 2147483647;
			files = (
				CE42EC652BDB56FF0025779D /* dont_cutlossUITests.swift in Sources */,
				CE42EC672BDB56FF0025779D /* dont_cutlossUITestsLaunchTests.swift in Sources */,
			);
			runOnlyForDeploymentPostprocessing = 0;
		};
/* End PBXSourcesBuildPhase section */

/* Begin PBXTargetDependency section */
		CE42EC582BDB56FF0025779D /* PBXTargetDependency */ = {
			isa = PBXTargetDependency;
			target = CE42EC402BDB56FE0025779D /* dont-cutloss */;
			targetProxy = CE42EC572BDB56FF0025779D /* PBXContainerItemProxy */;
		};
		CE42EC622BDB56FF0025779D /* PBXTargetDependency */ = {
			isa = PBXTargetDependency;
			target = CE42EC402BDB56FE0025779D /* dont-cutloss */;
			targetProxy = CE42EC612BDB56FF0025779D /* PBXContainerItemProxy */;
		};
/* End PBXTargetDependency section */

/* Begin XCBuildConfiguration section */
		CE42EC682BDB56FF0025779D /* Debug */ = {
			isa = XCBuildConfiguration;
			buildSettings = {
				ALWAYS_SEARCH_USER_PATHS = NO;
				ASSETCATALOG_COMPILER_GENERATE_SWIFT_ASSET_SYMBOL_EXTENSIONS = YES;
				CLANG_ANALYZER_NONNULL = YES;
				CLANG_ANALYZER_NUMBER_OBJECT_CONVERSION = YES_AGGRESSIVE;
				CLANG_CXX_LANGUAGE_STANDARD = "gnu++20";
				CLANG_ENABLE_MODULES = YES;
				CLANG_ENABLE_OBJC_ARC = YES;
				CLANG_ENABLE_OBJC_WEAK = YES;
				CLANG_WARN_BLOCK_CAPTURE_AUTORELEASING = YES;
				CLANG_WARN_BOOL_CONVERSION = YES;
				CLANG_WARN_COMMA = YES;
				CLANG_WARN_CONSTANT_CONVERSION = YES;
				CLANG_WARN_DEPRECATED_OBJC_IMPLEMENTATIONS = YES;
				CLANG_WARN_DIRECT_OBJC_ISA_USAGE = YES_ERROR;
				CLANG_WARN_DOCUMENTATION_COMMENTS = YES;
				CLANG_WARN_EMPTY_BODY = YES;
				CLANG_WARN_ENUM_CONVERSION = YES;
				CLANG_WARN_INFINITE_RECURSION = YES;
				CLANG_WARN_INT_CONVERSION = YES;
				CLANG_WARN_NON_LITERAL_NULL_CONVERSION = YES;
				CLANG_WARN_OBJC_IMPLICIT_RETAIN_SELF = YES;
				CLANG_WARN_OBJC_LITERAL_CONVERSION = YES;
				CLANG_WARN_OBJC_ROOT_CLASS = YES_ERROR;
				CLANG_WARN_QUOTED_INCLUDE_IN_FRAMEWORK_HEADER = YES;
				CLANG_WARN_RANGE_LOOP_ANALYSIS = YES;
				CLANG_WARN_STRICT_PROTOTYPES = YES;
				CLANG_WARN_SUSPICIOUS_MOVE = YES;
				CLANG_WARN_UNGUARDED_AVAILABILITY = YES_AGGRESSIVE;
				CLANG_WARN_UNREACHABLE_CODE = YES;
				CLANG_WARN__DUPLICATE_METHOD_MATCH = YES;
				COPY_PHASE_STRIP = NO;
				DEBUG_INFORMATION_FORMAT = dwarf;
				ENABLE_STRICT_OBJC_MSGSEND = YES;
				ENABLE_TESTABILITY = YES;
				ENABLE_USER_SCRIPT_SANDBOXING = YES;
				GCC_C_LANGUAGE_STANDARD = gnu17;
				GCC_DYNAMIC_NO_PIC = NO;
				GCC_NO_COMMON_BLOCKS = YES;
				GCC_OPTIMIZATION_LEVEL = 0;
				GCC_PREPROCESSOR_DEFINITIONS = (
					"DEBUG=1",
					"$(inherited)",
				);
				GCC_WARN_64_TO_32_BIT_CONVERSION = YES;
				GCC_WARN_ABOUT_RETURN_TYPE = YES_ERROR;
				GCC_WARN_UNDECLARED_SELECTOR = YES;
				GCC_WARN_UNINITIALIZED_AUTOS = YES_AGGRESSIVE;
				GCC_WARN_UNUSED_FUNCTION = YES;
				GCC_WARN_UNUSED_VARIABLE = YES;
				IPHONEOS_DEPLOYMENT_TARGET = 17.4;
				LOCALIZATION_PREFERS_STRING_CATALOGS = YES;
				MTL_ENABLE_DEBUG_INFO = INCLUDE_SOURCE;
				MTL_FAST_MATH = YES;
				ONLY_ACTIVE_ARCH = YES;
				SDKROOT = iphoneos;
				SWIFT_ACTIVE_COMPILATION_CONDITIONS = "DEBUG $(inherited)";
				SWIFT_OPTIMIZATION_LEVEL = "-Onone";
			};
			name = Debug;
		};
		CE42EC692BDB56FF0025779D /* Release */ = {
			isa = XCBuildConfiguration;
			buildSettings = {
				ALWAYS_SEARCH_USER_PATHS = NO;
				ASSETCATALOG_COMPILER_GENERATE_SWIFT_ASSET_SYMBOL_EXTENSIONS = YES;
				CLANG_ANALYZER_NONNULL = YES;
				CLANG_ANALYZER_NUMBER_OBJECT_CONVERSION = YES_AGGRESSIVE;
				CLANG_CXX_LANGUAGE_STANDARD = "gnu++20";
				CLANG_ENABLE_MODULES = YES;
				CLANG_ENABLE_OBJC_ARC = YES;
				CLANG_ENABLE_OBJC_WEAK = YES;
				CLANG_WARN_BLOCK_CAPTURE_AUTORELEASING = YES;
				CLANG_WARN_BOOL_CONVERSION = YES;
				CLANG_WARN_COMMA = YES;
				CLANG_WARN_CONSTANT_CONVERSION = YES;
				CLANG_WARN_DEPRECATED_OBJC_IMPLEMENTATIONS = YES;
				CLANG_WARN_DIRECT_OBJC_ISA_USAGE = YES_ERROR;
				CLANG_WARN_DOCUMENTATION_COMMENTS = YES;
				CLANG_WARN_EMPTY_BODY = YES;
				CLANG_WARN_ENUM_CONVERSION = YES;
				CLANG_WARN_INFINITE_RECURSION = YES;
				CLANG_WARN_INT_CONVERSION = YES;
				CLANG_WARN_NON_LITERAL_NULL_CONVERSION = YES;
				CLANG_WARN_OBJC_IMPLICIT_RETAIN_SELF = YES;
				CLANG_WARN_OBJC_LITERAL_CONVERSION = YES;
				CLANG_WARN_OBJC_ROOT_CLASS = YES_ERROR;
				CLANG_WARN_QUOTED_INCLUDE_IN_FRAMEWORK_HEADER = YES;
				CLANG_WARN_RANGE_LOOP_ANALYSIS = YES;
				CLANG_WARN_STRICT_PROTOTYPES = YES;
				CLANG_WARN_SUSPICIOUS_MOVE = YES;
				CLANG_WARN_UNGUARDED_AVAILABILITY = YES_AGGRESSIVE;
				CLANG_WARN_UNREACHABLE_CODE = YES;
				CLANG_WARN__DUPLICATE_METHOD_MATCH = YES;
				COPY_PHASE_STRIP = NO;
				DEBUG_INFORMATION_FORMAT = "dwarf-with-dsym";
				ENABLE_NS_ASSERTIONS = NO;
				ENABLE_STRICT_OBJC_MSGSEND = YES;
				ENABLE_USER_SCRIPT_SANDBOXING = YES;
				GCC_C_LANGUAGE_STANDARD = gnu17;
				GCC_NO_COMMON_BLOCKS = YES;
				GCC_WARN_64_TO_32_BIT_CONVERSION = YES;
				GCC_WARN_ABOUT_RETURN_TYPE = YES_ERROR;
				GCC_WARN_UNDECLARED_SELECTOR = YES;
				GCC_WARN_UNINITIALIZED_AUTOS = YES_AGGRESSIVE;
				GCC_WARN_UNUSED_FUNCTION = YES;
				GCC_WARN_UNUSED_VARIABLE = YES;
				IPHONEOS_DEPLOYMENT_TARGET = 17.4;
				LOCALIZATION_PREFERS_STRING_CATALOGS = YES;
				MTL_ENABLE_DEBUG_INFO = NO;
				MTL_FAST_MATH = YES;
				SDKROOT = iphoneos;
				SWIFT_COMPILATION_MODE = wholemodule;
				VALIDATE_PRODUCT = YES;
			};
			name = Release;
		};
		CE42EC6B2BDB56FF0025779D /* Debug */ = {
			isa = XCBuildConfiguration;
			buildSettings = {
				ASSETCATALOG_COMPILER_APPICON_NAME = AppIcon;
				ASSETCATALOG_COMPILER_GLOBAL_ACCENT_COLOR_NAME = AccentColor;
				CODE_SIGN_STYLE = Automatic;
				CURRENT_PROJECT_VERSION = 1;
				DEVELOPMENT_ASSET_PATHS = "\"dont-cutloss/Preview Content\"";
				ENABLE_PREVIEWS = YES;
				GENERATE_INFOPLIST_FILE = YES;
				INFOPLIST_KEY_UIApplicationSceneManifest_Generation = YES;
				INFOPLIST_KEY_UIApplicationSupportsIndirectInputEvents = YES;
				INFOPLIST_KEY_UILaunchScreen_Generation = YES;
				INFOPLIST_KEY_UISupportedInterfaceOrientations_iPad = "UIInterfaceOrientationPortrait UIInterfaceOrientationPortraitUpsideDown UIInterfaceOrientationLandscapeLeft UIInterfaceOrientationLandscapeRight";
				INFOPLIST_KEY_UISupportedInterfaceOrientations_iPhone = "UIInterfaceOrientationPortrait UIInterfaceOrientationLandscapeLeft UIInterfaceOrientationLandscapeRight";
				LD_RUNPATH_SEARCH_PATHS = (
					"$(inherited)",
					"@executable_path/Frameworks",
				);
				MARKETING_VERSION = 1.0;
				PRODUCT_BUNDLE_IDENTIFIER = "com.local.dont-cutloss";
				PRODUCT_NAME = "$(TARGET_NAME)";
				SWIFT_EMIT_LOC_STRINGS = YES;
				SWIFT_VERSION = 5.0;
				TARGETED_DEVICE_FAMILY = "1,2";
			};
			name = Debug;
		};
		CE42EC6C2BDB56FF0025779D /* Release */ = {
			isa = XCBuildConfiguration;
			buildSettings = {
				ASSETCATALOG_COMPILER_APPICON_NAME = AppIcon;
				ASSETCATALOG_COMPILER_GLOBAL_ACCENT_COLOR_NAME = AccentColor;
				CODE_SIGN_STYLE = Automatic;
				CURRENT_PROJECT_VERSION = 1;
				DEVELOPMENT_ASSET_PATHS = "\"dont-cutloss/Preview Content\"";
				ENABLE_PREVIEWS = YES;
				GENERATE_INFOPLIST_FILE = YES;
				INFOPLIST_KEY_UIApplicationSceneManifest_Generation = YES;
				INFOPLIST_KEY_UIApplicationSupportsIndirectInputEvents = YES;
				INFOPLIST_KEY_UILaunchScreen_Generation = YES;
				INFOPLIST_KEY_UISupportedInterfaceOrientations_iPad = "UIInterfaceOrientationPortrait UIInterfaceOrientationPortraitUpsideDown UIInterfaceOrientationLandscapeLeft UIInterfaceOrientationLandscapeRight";
				INFOPLIST_KEY_UISupportedInterfaceOrientations_iPhone = "UIInterfaceOrientationPortrait UIInterfaceOrientationLandscapeLeft UIInterfaceOrientationLandscapeRight";
				LD_RUNPATH_SEARCH_PATHS = (
					"$(inherited)",
					"@executable_path/Frameworks",
				);
				MARKETING_VERSION = 1.0;
				PRODUCT_BUNDLE_IDENTIFIER = "com.local.dont-cutloss";
				PRODUCT_NAME = "$(TARGET_NAME)";
				SWIFT_EMIT_LOC_STRINGS = YES;
				SWIFT_VERSION = 5.0;
				TARGETED_DEVICE_FAMILY = "1,2";
			};
			name = Release;
		};
		CE42EC6E2BDB56FF0025779D /* Debug */ = {
			isa = XCBuildConfiguration;
			buildSettings = {
				ALWAYS_EMBED_SWIFT_STANDARD_LIBRARIES = YES;
				BUNDLE_LOADER = "$(TEST_HOST)";
				CODE_SIGN_STYLE = Automatic;
				CURRENT_PROJECT_VERSION = 1;
				GENERATE_INFOPLIST_FILE = YES;
				IPHONEOS_DEPLOYMENT_TARGET = 17.4;
				MARKETING_VERSION = 1.0;
				PRODUCT_BUNDLE_IDENTIFIER = "com.local.dont-cutlossTests";
				PRODUCT_NAME = "$(TARGET_NAME)";
				SWIFT_EMIT_LOC_STRINGS = NO;
				SWIFT_VERSION = 5.0;
				TARGETED_DEVICE_FAMILY = "1,2";
				TEST_HOST = "$(BUILT_PRODUCTS_DIR)/dont-cutloss.app/$(BUNDLE_EXECUTABLE_FOLDER_PATH)/dont-cutloss";
			};
			name = Debug;
		};
		CE42EC6F2BDB56FF0025779D /* Release */ = {
			isa = XCBuildConfiguration;
			buildSettings = {
				ALWAYS_EMBED_SWIFT_STANDARD_LIBRARIES = YES;
				BUNDLE_LOADER = "$(TEST_HOST)";
				CODE_SIGN_STYLE = Automatic;
				CURRENT_PROJECT_VERSION = 1;
				GENERATE_INFOPLIST_FILE = YES;
				IPHONEOS_DEPLOYMENT_TARGET = 17.4;
				MARKETING_VERSION = 1.0;
				PRODUCT_BUNDLE_IDENTIFIER = "com.local.dont-cutlossTests";
				PRODUCT_NAME = "$(TARGET_NAME)";
				SWIFT_EMIT_LOC_STRINGS = NO;
				SWIFT_VERSION = 5.0;
				TARGETED_DEVICE_FAMILY = "1,2";
				TEST_HOST = "$(BUILT_PRODUCTS_DIR)/dont-cutloss.app/$(BUNDLE_EXECUTABLE_FOLDER_PATH)/dont-cutloss";
			};
			name = Release;
		};
		CE42EC712BDB56FF0025779D /* Debug */ = {
			isa = XCBuildConfiguration;
			buildSettings = {
				ALWAYS_EMBED_SWIFT_STANDARD_LIBRARIES = YES;
				CODE_SIGN_STYLE = Automatic;
				CURRENT_PROJECT_VERSION = 1;
				GENERATE_INFOPLIST_FILE = YES;
				MARKETING_VERSION = 1.0;
				PRODUCT_BUNDLE_IDENTIFIER = "com.local.dont-cutlossUITests";
				PRODUCT_NAME = "$(TARGET_NAME)";
				SWIFT_EMIT_LOC_STRINGS = NO;
				SWIFT_VERSION = 5.0;
				TARGETED_DEVICE_FAMILY = "1,2";
				TEST_TARGET_NAME = "dont-cutloss";
			};
			name = Debug;
		};
		CE42EC722BDB56FF0025779D /* Release */ = {
			isa = XCBuildConfiguration;
			buildSettings = {
				ALWAYS_EMBED_SWIFT_STANDARD_LIBRARIES = YES;
				CODE_SIGN_STYLE = Automatic;
				CURRENT_PROJECT_VERSION = 1;
				GENERATE_INFOPLIST_FILE = YES;
				MARKETING_VERSION = 1.0;
				PRODUCT_BUNDLE_IDENTIFIER = "com.local.dont-cutlossUITests";
				PRODUCT_NAME = "$(TARGET_NAME)";
				SWIFT_EMIT_LOC_STRINGS = NO;
				SWIFT_VERSION = 5.0;
				TARGETED_DEVICE_FAMILY = "1,2";
				TEST_TARGET_NAME = "dont-cutloss";
			};
			name = Release;
		};
/* End XCBuildConfiguration section */

/* Begin XCConfigurationList section */
		CE42EC3C2BDB56FE0025779D /* Build configuration list for PBXProject "dont-cutloss" */ = {
			isa = XCConfigurationList;
			buildConfigurations = (
				CE42EC682BDB56FF0025779D /* Debug */,
				CE42EC692BDB56FF0025779D /* Release */,
			);
			defaultConfigurationIsVisible = 0;
			defaultConfigurationName = Release;
		};
		CE42EC6A2BDB56FF0025779D /* Build configuration list for PBXNativeTarget "dont-cutloss" */ = {
			isa = XCConfigurationList;
			buildConfigurations = (
				CE42EC6B2BDB56FF0025779D /* Debug */,
				CE42EC6C2BDB56FF0025779D /* Release */,
			);
			defaultConfigurationIsVisible = 0;
			defaultConfigurationName = Release;
		};
		CE42EC6D2BDB56FF0025779D /* Build configuration list for PBXNativeTarget "dont-cutlossTests" */ = {
			isa = XCConfigurationList;
			buildConfigurations = (
				CE42EC6E2BDB56FF0025779D /* Debug */,
				CE42EC6F2BDB56FF0025779D /* Release */,
			);
			defaultConfigurationIsVisible = 0;
			defaultConfigurationName = Release;
		};
		CE42EC702BDB56FF0025779D /* Build configuration list for PBXNativeTarget "dont-cutlossUITests" */ = {
			isa = XCConfigurationList;
			buildConfigurations = (
				CE42EC712BDB56FF0025779D /* Debug */,
				CE42EC722BDB56FF0025779D /* Release */,
			);
			defaultConfigurationIsVisible = 0;
			defaultConfigurationName = Release;
		};
/* End XCConfigurationList section */

/* Begin XCVersionGroup section */
		CE42EC4F2BDB56FF0025779D /* dont_cutloss.xcdatamodeld */ = {
			isa = XCVersionGroup;
			children = (
				CE42EC502BDB56FF0025779D /* dont_cutloss.xcdatamodel */,
			);
			currentVersion = CE42EC502BDB56FF0025779D /* dont_cutloss.xcdatamodel */;
			path = dont_cutloss.xcdatamodeld;
			sourceTree = "<group>";
			versionGroupType = wrapper.xcdatamodel;
		};
/* End XCVersionGroup section */
	};
	rootObject = CE42EC392BDB56FE0025779D /* Project object */;
}
